
Microsoft Visual Studio Solution File, Format Version 12.00
# Visual Studio Version 17
VisualStudioVersion = 17.7.34221.43
MinimumVisualStudioVersion = 10.0.40219.1
Project("{9A19103F-16F7-4668-BE54-9A1E7A4F7556}") = "Coders Space", "Coders Space.csproj", "{7ABCE78F-51AB-45C5-9BCB-4C269CA7F19D}"
EndProject
Global
	GlobalSection(SolutionConfigurationPlatforms) = preSolution
		Debug|Any CPU = Debug|Any CPU
		Release|Any CPU = Release|Any CPU
	EndGlobalSection
	GlobalSection(ProjectConfigurationPlatforms) = postSolution
		{7ABCE78F-51AB-45C5-9BCB-4C269CA7F19D}.Debug|Any CPU.ActiveCfg = Debug|Any CPU
		{7ABCE78F-51AB-45C5-9BCB-4C269CA7F19D}.Debug|Any CPU.Build.0 = Debug|Any CPU
		{7ABCE78F-51AB-45C5-9BCB-4C269CA7F19D}.Release|Any CPU.ActiveCfg = Release|Any CPU
		{7ABCE78F-51AB-45C5-9BCB-4C269CA7F19D}.Release|Any CPU.Build.0 = Release|Any CPU
	EndGlobalSection
	GlobalSection(SolutionProperties) = preSolution
		HideSolutionNode = FALSE
	EndGlobalSection
	GlobalSection(ExtensibilityGlobals) = postSolution
		SolutionGuid = {5310E49E-68F7-462D-8BB3-14BF59DA0F29}
	EndGlobalSection
EndGlobal
