
Microsoft Visual Studio Solution File, Format Version 12.00
# Visual Studio Version 17
VisualStudioVersion = 17.7.34221.43
MinimumVisualStudioVersion = 10.0.40219.1
Project("{FAE04EC0-301F-11D3-BF4B-00C04F79EFBC}") = "Coder's Space", "Coder's Space.csproj", "{A80E501B-B372-4A24-8A1B-0129F63CF95F}"
EndProject
Global
	GlobalSection(SolutionConfigurationPlatforms) = preSolution
		Debug|Any CPU = Debug|Any CPU
		Release|Any CPU = Release|Any CPU
	EndGlobalSection
	GlobalSection(ProjectConfigurationPlatforms) = postSolution
		{A80E501B-B372-4A24-8A1B-0129F63CF95F}.Debug|Any CPU.ActiveCfg = Debug|Any CPU
		{A80E501B-B372-4A24-8A1B-0129F63CF95F}.Debug|Any CPU.Build.0 = Debug|Any CPU
		{A80E501B-B372-4A24-8A1B-0129F63CF95F}.Release|Any CPU.ActiveCfg = Release|Any CPU
		{A80E501B-B372-4A24-8A1B-0129F63CF95F}.Release|Any CPU.Build.0 = Release|Any CPU
	EndGlobalSection
	GlobalSection(SolutionProperties) = preSolution
		HideSolutionNode = FALSE
	EndGlobalSection
	GlobalSection(ExtensibilityGlobals) = postSolution
		SolutionGuid = {9890C034-5626-4917-B872-124871F6E933}
	EndGlobalSection
EndGlobal
